// !$*UTF8*$!
{
	archiveVersion = 1;
	classes = {
	};
	objectVersion = 46;
	objects = {

/* Begin PBXBuildFile section */
		38BE0E0D1DA2D490002669F2 /* AppDelegate.swift in Sources */ = {isa = PBXBuildFile; fileRef = 38BE0E0C1DA2D490002669F2 /* AppDelegate.swift */; };
		38BE0E0F1DA2D490002669F2 /* ViewController.swift in Sources */ = {isa = PBXBuildFile; fileRef = 38BE0E0E1DA2D490002669F2 /* ViewController.swift */; };
		38BE0E121DA2D490002669F2 /* Main.storyboard in Resources */ = {isa = PBXBuildFile; fileRef = 38BE0E101DA2D490002669F2 /* Main.storyboard */; };
		38BE0E141DA2D490002669F2 /* Assets.xcassets in Resources */ = {isa = PBXBuildFile; fileRef = 38BE0E131DA2D490002669F2 /* Assets.xcassets */; };
		38BE0E171DA2D490002669F2 /* LaunchScreen.storyboard in Resources */ = {isa = PBXBuildFile; fileRef = 38BE0E151DA2D490002669F2 /* LaunchScreen.storyboard */; };
		38BE0E221DA2D490002669F2 /* OnTheMapProjectTests.swift in Sources */ = {isa = PBXBuildFile; fileRef = 38BE0E211DA2D490002669F2 /* OnTheMapProjectTests.swift */; };
		38BE0E2D1DA2D490002669F2 /* OnTheMapProjectUITests.swift in Sources */ = {isa = PBXBuildFile; fileRef = 38BE0E2C1DA2D490002669F2 /* OnTheMapProjectUITests.swift */; };
/* End PBXBuildFile section */

/* Begin PBXContainerItemProxy section */
		38BE0E1E1DA2D490002669F2 /* PBXContainerItemProxy */ = {
			isa = PBXContainerItemProxy;
			containerPortal = 38BE0E011DA2D490002669F2 /* Project object */;
			proxyType = 1;
			remoteGlobalIDString = 38BE0E081DA2D490002669F2;
			remoteInfo = OnTheMapProject;
		};
		38BE0E291DA2D490002669F2 /* PBXContainerItemProxy */ = {
			isa = PBXContainerItemProxy;
			containerPortal = 38BE0E011DA2D490002669F2 /* Project object */;
			proxyType = 1;
			remoteGlobalIDString = 38BE0E081DA2D490002669F2;
			remoteInfo = OnTheMapProject;
		};
/* End PBXContainerItemProxy section */

/* Begin PBXFileReference section */
		38BE0E091DA2D490002669F2 /* OnTheMapProject.app */ = {isa = PBXFileReference; explicitFileType = wrapper.application; includeInIndex = 0; path = OnTheMapProject.app; sourceTree = BUILT_PRODUCTS_DIR; };
		38BE0E0C1DA2D490002669F2 /* AppDelegate.swift */ = {isa = PBXFileReference; lastKnownFileType = sourcecode.swift; path = AppDelegate.swift; sourceTree = "<group>"; };
		38BE0E0E1DA2D490002669F2 /* ViewController.swift */ = {isa = PBXFileReference; lastKnownFileType = sourcecode.swift; path = ViewController.swift; sourceTree = "<group>"; };
		38BE0E111DA2D490002669F2 /* Base */ = {isa = PBXFileReference; lastKnownFileType = file.storyboard; name = Base; path = Base.lproj/Main.storyboard; sourceTree = "<group>"; };
		38BE0E131DA2D490002669F2 /* Assets.xcassets */ = {isa = PBXFileReference; lastKnownFileType = folder.assetcatalog; path = Assets.xcassets; sourceTree = "<group>"; };
		38BE0E161DA2D490002669F2 /* Base */ = {isa = PBXFileReference; lastKnownFileType = file.storyboard; name = Base; path = Base.lproj/LaunchScreen.storyboard; sourceTree = "<group>"; };
		38BE0E181DA2D490002669F2 /* Info.plist */ = {isa = PBXFileReference; lastKnownFileType = text.plist.xml; path = Info.plist; sourceTree = "<group>"; };
		38BE0E1D1DA2D490002669F2 /* OnTheMapProjectTests.xctest */ = {isa = PBXFileReference; explicitFileType = wrapper.cfbundle; includeInIndex = 0; path = OnTheMapProjectTests.xctest; sourceTree = BUILT_PRODUCTS_DIR; };
		38BE0E211DA2D490002669F2 /* OnTheMapProjectTests.swift */ = {isa = PBXFileReference; lastKnownFileType = sourcecode.swift; path = OnTheMapProjectTests.swift; sourceTree = "<group>"; };
		38BE0E231DA2D490002669F2 /* Info.plist */ = {isa = PBXFileReference; lastKnownFileType = text.plist.xml; path = Info.plist; sourceTree = "<group>"; };
		38BE0E281DA2D490002669F2 /* OnTheMapProjectUITests.xctest */ = {isa = PBXFileReference; explicitFileType = wrapper.cfbundle; includeInIndex = 0; path = OnTheMapProjectUITests.xctest; sourceTree = BUILT_PRODUCTS_DIR; };
		38BE0E2C1DA2D490002669F2 /* OnTheMapProjectUITests.swift */ = {isa = PBXFileReference; lastKnownFileType = sourcecode.swift; path = OnTheMapProjectUITests.swift; sourceTree = "<group>"; };
		38BE0E2E1DA2D490002669F2 /* Info.plist */ = {isa = PBXFileReference; lastKnownFileType = text.plist.xml; path = Info.plist; sourceTree = "<group>"; };
/* End PBXFileReference section */

/* Begin PBXFrameworksBuildPhase section */
		38BE0E061DA2D490002669F2 /* Frameworks */ = {
			isa = PBXFrameworksBuildPhase;
			buildActionMask = 2147483647;
			files = (
			);
			runOnlyForDeploymentPostprocessing = 0;
		};
		38BE0E1A1DA2D490002669F2 /* Frameworks */ = {
			isa = PBXFrameworksBuildPhase;
			buildActionMask = 2147483647;
			files = (
			);
			runOnlyForDeploymentPostprocessing = 0;
		};
		38BE0E251DA2D490002669F2 /* Frameworks */ = {
			isa = PBXFrameworksBuildPhase;
			buildActionMask = 2147483647;
			files = (
			);
			runOnlyForDeploymentPostprocessing = 0;
		};
/* End PBXFrameworksBuildPhase section */

/* Begin PBXGroup section */
		38BE0E001DA2D490002669F2 = {
			isa = PBXGroup;
			children = (
				38BE0E0B1DA2D490002669F2 /* OnTheMapProject */,
				38BE0E201DA2D490002669F2 /* OnTheMapProjectTests */,
				38BE0E2B1DA2D490002669F2 /* OnTheMapProjectUITests */,
				38BE0E0A1DA2D490002669F2 /* Products */,
			);
			sourceTree = "<group>";
		};
		38BE0E0A1DA2D490002669F2 /* Products */ = {
			isa = PBXGroup;
			children = (
				38BE0E091DA2D490002669F2 /* OnTheMapProject.app */,
				38BE0E1D1DA2D490002669F2 /* OnTheMapProjectTests.xctest */,
				38BE0E281DA2D490002669F2 /* OnTheMapProjectUITests.xctest */,
			);
			name = Products;
			sourceTree = "<group>";
		};
		38BE0E0B1DA2D490002669F2 /* OnTheMapProject */ = {
			isa = PBXGroup;
			children = (
				38BE0E0C1DA2D490002669F2 /* AppDelegate.swift */,
				38BE0E0E1DA2D490002669F2 /* ViewController.swift */,
				38BE0E101DA2D490002669F2 /* Main.storyboard */,
				38BE0E131DA2D490002669F2 /* Assets.xcassets */,
				38BE0E151DA2D490002669F2 /* LaunchScreen.storyboard */,
				38BE0E181DA2D490002669F2 /* Info.plist */,
			);
			path = OnTheMapProject;
			sourceTree = "<group>";
		};
		38BE0E201DA2D490002669F2 /* OnTheMapProjectTests */ = {
			isa = PBXGroup;
			children = (
				38BE0E211DA2D490002669F2 /* OnTheMapProjectTests.swift */,
				38BE0E231DA2D490002669F2 /* Info.plist */,
			);
			path = OnTheMapProjectTests;
			sourceTree = "<group>";
		};
		38BE0E2B1DA2D490002669F2 /* OnTheMapProjectUITests */ = {
			isa = PBXGroup;
			children = (
				38BE0E2C1DA2D490002669F2 /* OnTheMapProjectUITests.swift */,
				38BE0E2E1DA2D490002669F2 /* Info.plist */,
			);
			path = OnTheMapProjectUITests;
			sourceTree = "<group>";
		};
/* End PBXGroup section */

/* Begin PBXNativeTarget section */
		38BE0E081DA2D490002669F2 /* OnTheMapProject */ = {
			isa = PBXNativeTarget;
			buildConfigurationList = 38BE0E311DA2D490002669F2 /* Build configuration list for PBXNativeTarget "OnTheMapProject" */;
			buildPhases = (
				38BE0E051DA2D490002669F2 /* Sources */,
				38BE0E061DA2D490002669F2 /* Frameworks */,
				38BE0E071DA2D490002669F2 /* Resources */,
			);
			buildRules = (
			);
			dependencies = (
			);
			name = OnTheMapProject;
			productName = OnTheMapProject;
			productReference = 38BE0E091DA2D490002669F2 /* OnTheMapProject.app */;
			productType = "com.apple.product-type.application";
		};
		38BE0E1C1DA2D490002669F2 /* OnTheMapProjectTests */ = {
			isa = PBXNativeTarget;
			buildConfigurationList = 38BE0E341DA2D490002669F2 /* Build configuration list for PBXNativeTarget "OnTheMapProjectTests" */;
			buildPhases = (
				38BE0E191DA2D490002669F2 /* Sources */,
				38BE0E1A1DA2D490002669F2 /* Frameworks */,
				38BE0E1B1DA2D490002669F2 /* Resources */,
			);
			buildRules = (
			);
			dependencies = (
				38BE0E1F1DA2D490002669F2 /* PBXTargetDependency */,
			);
			name = OnTheMapProjectTests;
			productName = OnTheMapProjectTests;
			productReference = 38BE0E1D1DA2D490002669F2 /* OnTheMapProjectTests.xctest */;
			productType = "com.apple.product-type.bundle.unit-test";
		};
		38BE0E271DA2D490002669F2 /* OnTheMapProjectUITests */ = {
			isa = PBXNativeTarget;
			buildConfigurationList = 38BE0E371DA2D490002669F2 /* Build configuration list for PBXNativeTarget "OnTheMapProjectUITests" */;
			buildPhases = (
				38BE0E241DA2D490002669F2 /* Sources */,
				38BE0E251DA2D490002669F2 /* Frameworks */,
				38BE0E261DA2D490002669F2 /* Resources */,
			);
			buildRules = (
			);
			dependencies = (
				38BE0E2A1DA2D490002669F2 /* PBXTargetDependency */,
			);
			name = OnTheMapProjectUITests;
			productName = OnTheMapProjectUITests;
			productReference = 38BE0E281DA2D490002669F2 /* OnTheMapProjectUITests.xctest */;
			productType = "com.apple.product-type.bundle.ui-testing";
		};
/* End PBXNativeTarget section */

/* Begin PBXProject section */
		38BE0E011DA2D490002669F2 /* Project object */ = {
			isa = PBXProject;
			attributes = {
				LastSwiftUpdateCheck = 0800;
				LastUpgradeCheck = 0800;
				ORGANIZATIONNAME = "Brittany Sprabery";
				TargetAttributes = {
					38BE0E081DA2D490002669F2 = {
						CreatedOnToolsVersion = 8.0;
						ProvisioningStyle = Automatic;
					};
					38BE0E1C1DA2D490002669F2 = {
						CreatedOnToolsVersion = 8.0;
						ProvisioningStyle = Automatic;
						TestTargetID = 38BE0E081DA2D490002669F2;
					};
					38BE0E271DA2D490002669F2 = {
						CreatedOnToolsVersion = 8.0;
						ProvisioningStyle = Automatic;
						TestTargetID = 38BE0E081DA2D490002669F2;
					};
				};
			};
			buildConfigurationList = 38BE0E041DA2D490002669F2 /* Build configuration list for PBXProject "OnTheMapProject" */;
			compatibilityVersion = "Xcode 3.2";
			developmentRegion = English;
			hasScannedForEncodings = 0;
			knownRegions = (
				en,
				Base,
			);
			mainGroup = 38BE0E001DA2D490002669F2;
			productRefGroup = 38BE0E0A1DA2D490002669F2 /* Products */;
			projectDirPath = "";
			projectRoot = "";
			targets = (
				38BE0E081DA2D490002669F2 /* OnTheMapProject */,
				38BE0E1C1DA2D490002669F2 /* OnTheMapProjectTests */,
				38BE0E271DA2D490002669F2 /* OnTheMapProjectUITests */,
			);
		};
/* End PBXProject section */

/* Begin PBXResourcesBuildPhase section */
		38BE0E071DA2D490002669F2 /* Resources */ = {
			isa = PBXResourcesBuildPhase;
			buildActionMask = 2147483647;
			files = (
				38BE0E171DA2D490002669F2 /* LaunchScreen.storyboard in Resources */,
				38BE0E141DA2D490002669F2 /* Assets.xcassets in Resources */,
				38BE0E121DA2D490002669F2 /* Main.storyboard in Resources */,
			);
			runOnlyForDeploymentPostprocessing = 0;
		};
		38BE0E1B1DA2D490002669F2 /* Resources */ = {
			isa = PBXResourcesBuildPhase;
			buildActionMask = 2147483647;
			files = (
			);
			runOnlyForDeploymentPostprocessing = 0;
		};
		38BE0E261DA2D490002669F2 /* Resources */ = {
			isa = PBXResourcesBuildPhase;
			buildActionMask = 2147483647;
			files = (
			);
			runOnlyForDeploymentPostprocessing = 0;
		};
/* End PBXResourcesBuildPhase section */

/* Begin PBXSourcesBuildPhase section */
		38BE0E051DA2D490002669F2 /* Sources */ = {
			isa = PBXSourcesBuildPhase;
			buildActionMask = 2147483647;
			files = (
				38BE0E0F1DA2D490002669F2 /* ViewController.swift in Sources */,
				38BE0E0D1DA2D490002669F2 /* AppDelegate.swift in Sources */,
			);
			runOnlyForDeploymentPostprocessing = 0;
		};
		38BE0E191DA2D490002669F2 /* Sources */ = {
			isa = PBXSourcesBuildPhase;
			buildActionMask = 2147483647;
			files = (
				38BE0E221DA2D490002669F2 /* OnTheMapProjectTests.swift in Sources */,
			);
			runOnlyForDeploymentPostprocessing = 0;
		};
		38BE0E241DA2D490002669F2 /* Sources */ = {
			isa = PBXSourcesBuildPhase;
			buildActionMask = 2147483647;
			files = (
				38BE0E2D1DA2D490002669F2 /* OnTheMapProjectUITests.swift in Sources */,
			);
			runOnlyForDeploymentPostprocessing = 0;
		};
/* End PBXSourcesBuildPhase section */

/* Begin PBXTargetDependency section */
		38BE0E1F1DA2D490002669F2 /* PBXTargetDependency */ = {
			isa = PBXTargetDependency;
			target = 38BE0E081DA2D490002669F2 /* OnTheMapProject */;
			targetProxy = 38BE0E1E1DA2D490002669F2 /* PBXContainerItemProxy */;
		};
		38BE0E2A1DA2D490002669F2 /* PBXTargetDependency */ = {
			isa = PBXTargetDependency;
			target = 38BE0E081DA2D490002669F2 /* OnTheMapProject */;
			targetProxy = 38BE0E291DA2D490002669F2 /* PBXContainerItemProxy */;
		};
/* End PBXTargetDependency section */

/* Begin PBXVariantGroup section */
		38BE0E101DA2D490002669F2 /* Main.storyboard */ = {
			isa = PBXVariantGroup;
			children = (
				38BE0E111DA2D490002669F2 /* Base */,
			);
			name = Main.storyboard;
			sourceTree = "<group>";
		};
		38BE0E151DA2D490002669F2 /* LaunchScreen.storyboard */ = {
			isa = PBXVariantGroup;
			children = (
				38BE0E161DA2D490002669F2 /* Base */,
			);
			name = LaunchScreen.storyboard;
			sourceTree = "<group>";
		};
/* End PBXVariantGroup section */

/* Begin XCBuildConfiguration section */
		38BE0E2F1DA2D490002669F2 /* Debug */ = {
			isa = XCBuildConfiguration;
			buildSettings = {
				ALWAYS_SEARCH_USER_PATHS = NO;
				CLANG_ANALYZER_NONNULL = YES;
				CLANG_CXX_LANGUAGE_STANDARD = "gnu++0x";
				CLANG_CXX_LIBRARY = "libc++";
				CLANG_ENABLE_MODULES = YES;
				CLANG_ENABLE_OBJC_ARC = YES;
				CLANG_WARN_BOOL_CONVERSION = YES;
				CLANG_WARN_CONSTANT_CONVERSION = YES;
				CLANG_WARN_DIRECT_OBJC_ISA_USAGE = YES_ERROR;
				CLANG_WARN_DOCUMENTATION_COMMENTS = YES;
				CLANG_WARN_EMPTY_BODY = YES;
				CLANG_WARN_ENUM_CONVERSION = YES;
				CLANG_WARN_INFINITE_RECURSION = YES;
				CLANG_WARN_INT_CONVERSION = YES;
				CLANG_WARN_OBJC_ROOT_CLASS = YES_ERROR;
				CLANG_WARN_SUSPICIOUS_MOVES = YES;
				CLANG_WARN_UNREACHABLE_CODE = YES;
				CLANG_WARN__DUPLICATE_METHOD_MATCH = YES;
				"CODE_SIGN_IDENTITY[sdk=iphoneos*]" = "iPhone Developer";
				COPY_PHASE_STRIP = NO;
				DEBUG_INFORMATION_FORMAT = dwarf;
				ENABLE_STRICT_OBJC_MSGSEND = YES;
				ENABLE_TESTABILITY = YES;
				GCC_C_LANGUAGE_STANDARD = gnu99;
				GCC_DYNAMIC_NO_PIC = NO;
				GCC_NO_COMMON_BLOCKS = YES;
				GCC_OPTIMIZATION_LEVEL = 0;
				GCC_PREPROCESSOR_DEFINITIONS = (
					"DEBUG=1",
					"$(inherited)",
				);
				GCC_WARN_64_TO_32_BIT_CONVERSION = YES;
				GCC_WARN_ABOUT_RETURN_TYPE = YES_ERROR;
				GCC_WARN_UNDECLARED_SELECTOR = YES;
				GCC_WARN_UNINITIALIZED_AUTOS = YES_AGGRESSIVE;
				GCC_WARN_UNUSED_FUNCTION = YES;
				GCC_WARN_UNUSED_VARIABLE = YES;
				IPHONEOS_DEPLOYMENT_TARGET = 10.0;
				MTL_ENABLE_DEBUG_INFO = YES;
				ONLY_ACTIVE_ARCH = YES;
				SDKROOT = iphoneos;
				SWIFT_ACTIVE_COMPILATION_CONDITIONS = DEBUG;
				SWIFT_OPTIMIZATION_LEVEL = "-Onone";
				TARGETED_DEVICE_FAMILY = "1,2";
			};
			name = Debug;
		};
		38BE0E301DA2D490002669F2 /* Release */ = {
			isa = XCBuildConfiguration;
			buildSettings = {
				ALWAYS_SEARCH_USER_PATHS = NO;
				CLANG_ANALYZER_NONNULL = YES;
				CLANG_CXX_LANGUAGE_STANDARD = "gnu++0x";
				CLANG_CXX_LIBRARY = "libc++";
				CLANG_ENABLE_MODULES = YES;
				CLANG_ENABLE_OBJC_ARC = YES;
				CLANG_WARN_BOOL_CONVERSION = YES;
				CLANG_WARN_CONSTANT_CONVERSION = YES;
				CLANG_WARN_DIRECT_OBJC_ISA_USAGE = YES_ERROR;
				CLANG_WARN_DOCUMENTATION_COMMENTS = YES;
				CLANG_WARN_EMPTY_BODY = YES;
				CLANG_WARN_ENUM_CONVERSION = YES;
				CLANG_WARN_INFINITE_RECURSION = YES;
				CLANG_WARN_INT_CONVERSION = YES;
				CLANG_WARN_OBJC_ROOT_CLASS = YES_ERROR;
				CLANG_WARN_SUSPICIOUS_MOVES = YES;
				CLANG_WARN_UNREACHABLE_CODE = YES;
				CLANG_WARN__DUPLICATE_METHOD_MATCH = YES;
				"CODE_SIGN_IDENTITY[sdk=iphoneos*]" = "iPhone Developer";
				COPY_PHASE_STRIP = NO;
				DEBUG_INFORMATION_FORMAT = "dwarf-with-dsym";
				ENABLE_NS_ASSERTIONS = NO;
				ENABLE_STRICT_OBJC_MSGSEND = YES;
				GCC_C_LANGUAGE_STANDARD = gnu99;
				GCC_NO_COMMON_BLOCKS = YES;
				GCC_WARN_64_TO_32_BIT_CONVERSION = YES;
				GCC_WARN_ABOUT_RETURN_TYPE = YES_ERROR;
				GCC_WARN_UNDECLARED_SELECTOR = YES;
				GCC_WARN_UNINITIALIZED_AUTOS = YES_AGGRESSIVE;
				GCC_WARN_UNUSED_FUNCTION = YES;
				GCC_WARN_UNUSED_VARIABLE = YES;
				IPHONEOS_DEPLOYMENT_TARGET = 10.0;
				MTL_ENABLE_DEBUG_INFO = NO;
				SDKROOT = iphoneos;
				SWIFT_OPTIMIZATION_LEVEL = "-Owholemodule";
				TARGETED_DEVICE_FAMILY = "1,2";
				VALIDATE_PRODUCT = YES;
			};
			name = Release;
		};
		38BE0E321DA2D490002669F2 /* Debug */ = {
			isa = XCBuildConfiguration;
			buildSettings = {
				ASSETCATALOG_COMPILER_APPICON_NAME = AppIcon;
				INFOPLIST_FILE = OnTheMapProject/Info.plist;
				LD_RUNPATH_SEARCH_PATHS = "$(inherited) @executable_path/Frameworks";
				PRODUCT_BUNDLE_IDENTIFIER = com.example.OnTheMapProject;
				PRODUCT_NAME = "$(TARGET_NAME)";
				SWIFT_VERSION = 3.0;
			};
			name = Debug;
		};
		38BE0E331DA2D490002669F2 /* Release */ = {
			isa = XCBuildConfiguration;
			buildSettings = {
				ASSETCATALOG_COMPILER_APPICON_NAME = AppIcon;
				INFOPLIST_FILE = OnTheMapProject/Info.plist;
				LD_RUNPATH_SEARCH_PATHS = "$(inherited) @executable_path/Frameworks";
				PRODUCT_BUNDLE_IDENTIFIER = com.example.OnTheMapProject;
				PRODUCT_NAME = "$(TARGET_NAME)";
				SWIFT_VERSION = 3.0;
			};
			name = Release;
		};
		38BE0E351DA2D490002669F2 /* Debug */ = {
			isa = XCBuildConfiguration;
			buildSettings = {
				ALWAYS_EMBED_SWIFT_STANDARD_LIBRARIES = YES;
				BUNDLE_LOADER = "$(TEST_HOST)";
				INFOPLIST_FILE = OnTheMapProjectTests/Info.plist;
				LD_RUNPATH_SEARCH_PATHS = "$(inherited) @executable_path/Frameworks @loader_path/Frameworks";
				PRODUCT_BUNDLE_IDENTIFIER = com.example.OnTheMapProjectTests;
				PRODUCT_NAME = "$(TARGET_NAME)";
				SWIFT_VERSION = 3.0;
				TEST_HOST = "$(BUILT_PRODUCTS_DIR)/OnTheMapProject.app/OnTheMapProject";
			};
			name = Debug;
		};
		38BE0E361DA2D490002669F2 /* Release */ = {
			isa = XCBuildConfiguration;
			buildSettings = {
				ALWAYS_EMBED_SWIFT_STANDARD_LIBRARIES = YES;
				BUNDLE_LOADER = "$(TEST_HOST)";
				INFOPLIST_FILE = OnTheMapProjectTests/Info.plist;
				LD_RUNPATH_SEARCH_PATHS = "$(inherited) @executable_path/Frameworks @loader_path/Frameworks";
				PRODUCT_BUNDLE_IDENTIFIER = com.example.OnTheMapProjectTests;
				PRODUCT_NAME = "$(TARGET_NAME)";
				SWIFT_VERSION = 3.0;
				TEST_HOST = "$(BUILT_PRODUCTS_DIR)/OnTheMapProject.app/OnTheMapProject";
			};
			name = Release;
		};
		38BE0E381DA2D490002669F2 /* Debug */ = {
			isa = XCBuildConfiguration;
			buildSettings = {
				ALWAYS_EMBED_SWIFT_STANDARD_LIBRARIES = YES;
				INFOPLIST_FILE = OnTheMapProjectUITests/Info.plist;
				LD_RUNPATH_SEARCH_PATHS = "$(inherited) @executable_path/Frameworks @loader_path/Frameworks";
				PRODUCT_BUNDLE_IDENTIFIER = com.example.OnTheMapProjectUITests;
				PRODUCT_NAME = "$(TARGET_NAME)";
				SWIFT_VERSION = 3.0;
				TEST_TARGET_NAME = OnTheMapProject;
			};
			name = Debug;
		};
		38BE0E391DA2D490002669F2 /* Release */ = {
			isa = XCBuildConfiguration;
			buildSettings = {
				ALWAYS_EMBED_SWIFT_STANDARD_LIBRARIES = YES;
				INFOPLIST_FILE = OnTheMapProjectUITests/Info.plist;
				LD_RUNPATH_SEARCH_PATHS = "$(inherited) @executable_path/Frameworks @loader_path/Frameworks";
				PRODUCT_BUNDLE_IDENTIFIER = com.example.OnTheMapProjectUITests;
				PRODUCT_NAME = "$(TARGET_NAME)";
				SWIFT_VERSION = 3.0;
				TEST_TARGET_NAME = OnTheMapProject;
			};
			name = Release;
		};
/* End XCBuildConfiguration section */

/* Begin XCConfigurationList section */
		38BE0E041DA2D490002669F2 /* Build configuration list for PBXProject "OnTheMapProject" */ = {
			isa = XCConfigurationList;
			buildConfigurations = (
				38BE0E2F1DA2D490002669F2 /* Debug */,
				38BE0E301DA2D490002669F2 /* Release */,
			);
			defaultConfigurationIsVisible = 0;
			defaultConfigurationName = Release;
		};
		38BE0E311DA2D490002669F2 /* Build configuration list for PBXNativeTarget "OnTheMapProject" */ = {
			isa = XCConfigurationList;
			buildConfigurations = (
				38BE0E321DA2D490002669F2 /* Debug */,
				38BE0E331DA2D490002669F2 /* Release */,
			);
			defaultConfigurationIsVisible = 0;
		};
		38BE0E341DA2D490002669F2 /* Build configuration list for PBXNativeTarget "OnTheMapProjectTests" */ = {
			isa = XCConfigurationList;
			buildConfigurations = (
				38BE0E351DA2D490002669F2 /* Debug */,
				38BE0E361DA2D490002669F2 /* Release */,
			);
			defaultConfigurationIsVisible = 0;
		};
		38BE0E371DA2D490002669F2 /* Build configuration list for PBXNativeTarget "OnTheMapProjectUITests" */ = {
			isa = XCConfigurationList;
			buildConfigurations = (
				38BE0E381DA2D490002669F2 /* Debug */,
				38BE0E391DA2D490002669F2 /* Release */,
			);
			defaultConfigurationIsVisible = 0;
		};
/* End XCConfigurationList section */
	};
	rootObject = 38BE0E011DA2D490002669F2 /* Project object */;
}
